
Microsoft Visual Studio Solution File, Format Version 12.00
# Visual Studio 15
VisualStudioVersion = 15.0.28010.2046
MinimumVisualStudioVersion = 10.0.40219.1
Project("{FAE04EC0-301F-11D3-BF4B-00C04F79EFBC}") = "Experiment.Android", "Experiment\Experiment.Android\Experiment.Android.csproj", "{D324A899-FEB0-4FB4-A301-ED877013AE33}"
EndProject
Project("{FAE04EC0-301F-11D3-BF4B-00C04F79EFBC}") = "Experiment.iOS", "Experiment\Experiment.iOS\Experiment.iOS.csproj", "{043CF2C1-2290-4612-8237-118ADE42FDF2}"
EndProject
Project("{FAE04EC0-301F-11D3-BF4B-00C04F79EFBC}") = "Experiment.UWP", "Experiment\Experiment.UWP\Experiment.UWP.csproj", "{7834744C-59E2-4234-BFA3-DA209BBDDAC9}"
EndProject
Project("{FAE04EC0-301F-11D3-BF4B-00C04F79EFBC}") = "Experiment", "Experiment\Experiment\Experiment.csproj", "{AE47ABD6-E3A0-4797-9669-2F1BC1D359FA}"
EndProject
Global
	GlobalSection(SolutionConfigurationPlatforms) = preSolution
		Ad-Hoc|Any CPU = Ad-Hoc|Any CPU
		Ad-Hoc|ARM = Ad-Hoc|ARM
		Ad-Hoc|iPhone = Ad-Hoc|iPhone
		Ad-Hoc|iPhoneSimulator = Ad-Hoc|iPhoneSimulator
		Ad-Hoc|x64 = Ad-Hoc|x64
		Ad-Hoc|x86 = Ad-Hoc|x86
		AppStore|Any CPU = AppStore|Any CPU
		AppStore|ARM = AppStore|ARM
		AppStore|iPhone = AppStore|iPhone
		AppStore|iPhoneSimulator = AppStore|iPhoneSimulator
		AppStore|x64 = AppStore|x64
		AppStore|x86 = AppStore|x86
		Debug|Any CPU = Debug|Any CPU
		Debug|ARM = Debug|ARM
		Debug|iPhone = Debug|iPhone
		Debug|iPhoneSimulator = Debug|iPhoneSimulator
		Debug|x64 = Debug|x64
		Debug|x86 = Debug|x86
		Release|Any CPU = Release|Any CPU
		Release|ARM = Release|ARM
		Release|iPhone = Release|iPhone
		Release|iPhoneSimulator = Release|iPhoneSimulator
		Release|x64 = Release|x64
		Release|x86 = Release|x86
	EndGlobalSection
	GlobalSection(ProjectConfigurationPlatforms) = postSolution
		{D324A899-FEB0-4FB4-A301-ED877013AE33}.Ad-Hoc|Any CPU.ActiveCfg = Release|Any CPU
		{D324A899-FEB0-4FB4-A301-ED877013AE33}.Ad-Hoc|Any CPU.Build.0 = Release|Any CPU
		{D324A899-FEB0-4FB4-A301-ED877013AE33}.Ad-Hoc|Any CPU.Deploy.0 = Release|Any CPU
		{D324A899-FEB0-4FB4-A301-ED877013AE33}.Ad-Hoc|ARM.ActiveCfg = Release|Any CPU
		{D324A899-FEB0-4FB4-A301-ED877013AE33}.Ad-Hoc|ARM.Build.0 = Release|Any CPU
		{D324A899-FEB0-4FB4-A301-ED877013AE33}.Ad-Hoc|ARM.Deploy.0 = Release|Any CPU
		{D324A899-FEB0-4FB4-A301-ED877013AE33}.Ad-Hoc|iPhone.ActiveCfg = Release|Any CPU
		{D324A899-FEB0-4FB4-A301-ED877013AE33}.Ad-Hoc|iPhone.Build.0 = Release|Any CPU
		{D324A899-FEB0-4FB4-A301-ED877013AE33}.Ad-Hoc|iPhone.Deploy.0 = Release|Any CPU
		{D324A899-FEB0-4FB4-A301-ED877013AE33}.Ad-Hoc|iPhoneSimulator.ActiveCfg = Release|Any CPU
		{D324A899-FEB0-4FB4-A301-ED877013AE33}.Ad-Hoc|iPhoneSimulator.Build.0 = Release|Any CPU
		{D324A899-FEB0-4FB4-A301-ED877013AE33}.Ad-Hoc|iPhoneSimulator.Deploy.0 = Release|Any CPU
		{D324A899-FEB0-4FB4-A301-ED877013AE33}.Ad-Hoc|x64.ActiveCfg = Release|Any CPU
		{D324A899-FEB0-4FB4-A301-ED877013AE33}.Ad-Hoc|x64.Build.0 = Release|Any CPU
		{D324A899-FEB0-4FB4-A301-ED877013AE33}.Ad-Hoc|x64.Deploy.0 = Release|Any CPU
		{D324A899-FEB0-4FB4-A301-ED877013AE33}.Ad-Hoc|x86.ActiveCfg = Release|Any CPU
		{D324A899-FEB0-4FB4-A301-ED877013AE33}.Ad-Hoc|x86.Build.0 = Release|Any CPU
		{D324A899-FEB0-4FB4-A301-ED877013AE33}.Ad-Hoc|x86.Deploy.0 = Release|Any CPU
		{D324A899-FEB0-4FB4-A301-ED877013AE33}.AppStore|Any CPU.ActiveCfg = Release|Any CPU
		{D324A899-FEB0-4FB4-A301-ED877013AE33}.AppStore|Any CPU.Build.0 = Release|Any CPU
		{D324A899-FEB0-4FB4-A301-ED877013AE33}.AppStore|Any CPU.Deploy.0 = Release|Any CPU
		{D324A899-FEB0-4FB4-A301-ED877013AE33}.AppStore|ARM.ActiveCfg = Release|Any CPU
		{D324A899-FEB0-4FB4-A301-ED877013AE33}.AppStore|ARM.Build.0 = Release|Any CPU
		{D324A899-FEB0-4FB4-A301-ED877013AE33}.AppStore|ARM.Deploy.0 = Release|Any CPU
		{D324A899-FEB0-4FB4-A301-ED877013AE33}.AppStore|iPhone.ActiveCfg = Release|Any CPU
		{D324A899-FEB0-4FB4-A301-ED877013AE33}.AppStore|iPhone.Build.0 = Release|Any CPU
		{D324A899-FEB0-4FB4-A301-ED877013AE33}.AppStore|iPhone.Deploy.0 = Release|Any CPU
		{D324A899-FEB0-4FB4-A301-ED877013AE33}.AppStore|iPhoneSimulator.ActiveCfg = Release|Any CPU
		{D324A899-FEB0-4FB4-A301-ED877013AE33}.AppStore|iPhoneSimulator.Build.0 = Release|Any CPU
		{D324A899-FEB0-4FB4-A301-ED877013AE33}.AppStore|iPhoneSimulator.Deploy.0 = Release|Any CPU
		{D324A899-FEB0-4FB4-A301-ED877013AE33}.AppStore|x64.ActiveCfg = Release|Any CPU
		{D324A899-FEB0-4FB4-A301-ED877013AE33}.AppStore|x64.Build.0 = Release|Any CPU
		{D324A899-FEB0-4FB4-A301-ED877013AE33}.AppStore|x64.Deploy.0 = Release|Any CPU
		{D324A899-FEB0-4FB4-A301-ED877013AE33}.AppStore|x86.ActiveCfg = Release|Any CPU
		{D324A899-FEB0-4FB4-A301-ED877013AE33}.AppStore|x86.Build.0 = Release|Any CPU
		{D324A899-FEB0-4FB4-A301-ED877013AE33}.AppStore|x86.Deploy.0 = Release|Any CPU
		{D324A899-FEB0-4FB4-A301-ED877013AE33}.Debug|Any CPU.ActiveCfg = Debug|Any CPU
		{D324A899-FEB0-4FB4-A301-ED877013AE33}.Debug|Any CPU.Build.0 = Debug|Any CPU
		{D324A899-FEB0-4FB4-A301-ED877013AE33}.Debug|Any CPU.Deploy.0 = Debug|Any CPU
		{D324A899-FEB0-4FB4-A301-ED877013AE33}.Debug|ARM.ActiveCfg = Debug|Any CPU
		{D324A899-FEB0-4FB4-A301-ED877013AE33}.Debug|ARM.Build.0 = Debug|Any CPU
		{D324A899-FEB0-4FB4-A301-ED877013AE33}.Debug|ARM.Deploy.0 = Debug|Any CPU
		{D324A899-FEB0-4FB4-A301-ED877013AE33}.Debug|iPhone.ActiveCfg = Debug|Any CPU
		{D324A899-FEB0-4FB4-A301-ED877013AE33}.Debug|iPhone.Build.0 = Debug|Any CPU
		{D324A899-FEB0-4FB4-A301-ED877013AE33}.Debug|iPhone.Deploy.0 = Debug|Any CPU
		{D324A899-FEB0-4FB4-A301-ED877013AE33}.Debug|iPhoneSimulator.ActiveCfg = Debug|Any CPU
		{D324A899-FEB0-4FB4-A301-ED877013AE33}.Debug|iPhoneSimulator.Build.0 = Debug|Any CPU
		{D324A899-FEB0-4FB4-A301-ED877013AE33}.Debug|iPhoneSimulator.Deploy.0 = Debug|Any CPU
		{D324A899-FEB0-4FB4-A301-ED877013AE33}.Debug|x64.ActiveCfg = Debug|Any CPU
		{D324A899-FEB0-4FB4-A301-ED877013AE33}.Debug|x64.Build.0 = Debug|Any CPU
		{D324A899-FEB0-4FB4-A301-ED877013AE33}.Debug|x64.Deploy.0 = Debug|Any CPU
		{D324A899-FEB0-4FB4-A301-ED877013AE33}.Debug|x86.ActiveCfg = Debug|Any CPU
		{D324A899-FEB0-4FB4-A301-ED877013AE33}.Debug|x86.Build.0 = Debug|Any CPU
		{D324A899-FEB0-4FB4-A301-ED877013AE33}.Debug|x86.Deploy.0 = Debug|Any CPU
		{D324A899-FEB0-4FB4-A301-ED877013AE33}.Release|Any CPU.ActiveCfg = Release|Any CPU
		{D324A899-FEB0-4FB4-A301-ED877013AE33}.Release|Any CPU.Build.0 = Release|Any CPU
		{D324A899-FEB0-4FB4-A301-ED877013AE33}.Release|Any CPU.Deploy.0 = Release|Any CPU
		{D324A899-FEB0-4FB4-A301-ED877013AE33}.Release|ARM.ActiveCfg = Release|Any CPU
		{D324A899-FEB0-4FB4-A301-ED877013AE33}.Release|ARM.Build.0 = Release|Any CPU
		{D324A899-FEB0-4FB4-A301-ED877013AE33}.Release|ARM.Deploy.0 = Release|Any CPU
		{D324A899-FEB0-4FB4-A301-ED877013AE33}.Release|iPhone.ActiveCfg = Release|Any CPU
		{D324A899-FEB0-4FB4-A301-ED877013AE33}.Release|iPhone.Build.0 = Release|Any CPU
		{D324A899-FEB0-4FB4-A301-ED877013AE33}.Release|iPhone.Deploy.0 = Release|Any CPU
		{D324A899-FEB0-4FB4-A301-ED877013AE33}.Release|iPhoneSimulator.ActiveCfg = Release|Any CPU
		{D324A899-FEB0-4FB4-A301-ED877013AE33}.Release|iPhoneSimulator.Build.0 = Release|Any CPU
		{D324A899-FEB0-4FB4-A301-ED877013AE33}.Release|iPhoneSimulator.Deploy.0 = Release|Any CPU
		{D324A899-FEB0-4FB4-A301-ED877013AE33}.Release|x64.ActiveCfg = Release|Any CPU
		{D324A899-FEB0-4FB4-A301-ED877013AE33}.Release|x64.Build.0 = Release|Any CPU
		{D324A899-FEB0-4FB4-A301-ED877013AE33}.Release|x64.Deploy.0 = Release|Any CPU
		{D324A899-FEB0-4FB4-A301-ED877013AE33}.Release|x86.ActiveCfg = Release|Any CPU
		{D324A899-FEB0-4FB4-A301-ED877013AE33}.Release|x86.Build.0 = Release|Any CPU
		{D324A899-FEB0-4FB4-A301-ED877013AE33}.Release|x86.Deploy.0 = Release|Any CPU
		{043CF2C1-2290-4612-8237-118ADE42FDF2}.Ad-Hoc|Any CPU.ActiveCfg = Ad-Hoc|iPhone
		{043CF2C1-2290-4612-8237-118ADE42FDF2}.Ad-Hoc|Any CPU.Build.0 = Ad-Hoc|iPhone
		{043CF2C1-2290-4612-8237-118ADE42FDF2}.Ad-Hoc|Any CPU.Deploy.0 = Ad-Hoc|iPhone
		{043CF2C1-2290-4612-8237-118ADE42FDF2}.Ad-Hoc|ARM.ActiveCfg = Ad-Hoc|iPhone
		{043CF2C1-2290-4612-8237-118ADE42FDF2}.Ad-Hoc|ARM.Build.0 = Ad-Hoc|iPhone
		{043CF2C1-2290-4612-8237-118ADE42FDF2}.Ad-Hoc|ARM.Deploy.0 = Ad-Hoc|iPhone
		{043CF2C1-2290-4612-8237-118ADE42FDF2}.Ad-Hoc|iPhone.ActiveCfg = Ad-Hoc|iPhone
		{043CF2C1-2290-4612-8237-118ADE42FDF2}.Ad-Hoc|iPhone.Build.0 = Ad-Hoc|iPhone
		{043CF2C1-2290-4612-8237-118ADE42FDF2}.Ad-Hoc|iPhone.Deploy.0 = Ad-Hoc|iPhone
		{043CF2C1-2290-4612-8237-118ADE42FDF2}.Ad-Hoc|iPhoneSimulator.ActiveCfg = Ad-Hoc|iPhoneSimulator
		{043CF2C1-2290-4612-8237-118ADE42FDF2}.Ad-Hoc|iPhoneSimulator.Build.0 = Ad-Hoc|iPhoneSimulator
		{043CF2C1-2290-4612-8237-118ADE42FDF2}.Ad-Hoc|iPhoneSimulator.Deploy.0 = Ad-Hoc|iPhoneSimulator
		{043CF2C1-2290-4612-8237-118ADE42FDF2}.Ad-Hoc|x64.ActiveCfg = Ad-Hoc|iPhone
		{043CF2C1-2290-4612-8237-118ADE42FDF2}.Ad-Hoc|x64.Build.0 = Ad-Hoc|iPhone
		{043CF2C1-2290-4612-8237-118ADE42FDF2}.Ad-Hoc|x64.Deploy.0 = Ad-Hoc|iPhone
		{043CF2C1-2290-4612-8237-118ADE42FDF2}.Ad-Hoc|x86.ActiveCfg = Ad-Hoc|iPhone
		{043CF2C1-2290-4612-8237-118ADE42FDF2}.Ad-Hoc|x86.Build.0 = Ad-Hoc|iPhone
		{043CF2C1-2290-4612-8237-118ADE42FDF2}.Ad-Hoc|x86.Deploy.0 = Ad-Hoc|iPhone
		{043CF2C1-2290-4612-8237-118ADE42FDF2}.AppStore|Any CPU.ActiveCfg = AppStore|iPhone
		{043CF2C1-2290-4612-8237-118ADE42FDF2}.AppStore|Any CPU.Build.0 = AppStore|iPhone
		{043CF2C1-2290-4612-8237-118ADE42FDF2}.AppStore|Any CPU.Deploy.0 = AppStore|iPhone
		{043CF2C1-2290-4612-8237-118ADE42FDF2}.AppStore|ARM.ActiveCfg = AppStore|iPhone
		{043CF2C1-2290-4612-8237-118ADE42FDF2}.AppStore|ARM.Build.0 = AppStore|iPhone
		{043CF2C1-2290-4612-8237-118ADE42FDF2}.AppStore|ARM.Deploy.0 = AppStore|iPhone
		{043CF2C1-2290-4612-8237-118ADE42FDF2}.AppStore|iPhone.ActiveCfg = AppStore|iPhone
		{043CF2C1-2290-4612-8237-118ADE42FDF2}.AppStore|iPhone.Build.0 = AppStore|iPhone
		{043CF2C1-2290-4612-8237-118ADE42FDF2}.AppStore|iPhone.Deploy.0 = AppStore|iPhone
		{043CF2C1-2290-4612-8237-118ADE42FDF2}.AppStore|iPhoneSimulator.ActiveCfg = AppStore|iPhoneSimulator
		{043CF2C1-2290-4612-8237-118ADE42FDF2}.AppStore|iPhoneSimulator.Build.0 = AppStore|iPhoneSimulator
		{043CF2C1-2290-4612-8237-118ADE42FDF2}.AppStore|iPhoneSimulator.Deploy.0 = AppStore|iPhoneSimulator
		{043CF2C1-2290-4612-8237-118ADE42FDF2}.AppStore|x64.ActiveCfg = AppStore|iPhone
		{043CF2C1-2290-4612-8237-118ADE42FDF2}.AppStore|x64.Build.0 = AppStore|iPhone
		{043CF2C1-2290-4612-8237-118ADE42FDF2}.AppStore|x64.Deploy.0 = AppStore|iPhone
		{043CF2C1-2290-4612-8237-118ADE42FDF2}.AppStore|x86.ActiveCfg = AppStore|iPhone
		{043CF2C1-2290-4612-8237-118ADE42FDF2}.AppStore|x86.Build.0 = AppStore|iPhone
		{043CF2C1-2290-4612-8237-118ADE42FDF2}.AppStore|x86.Deploy.0 = AppStore|iPhone
		{043CF2C1-2290-4612-8237-118ADE42FDF2}.Debug|Any CPU.ActiveCfg = Debug|iPhoneSimulator
		{043CF2C1-2290-4612-8237-118ADE42FDF2}.Debug|Any CPU.Build.0 = Debug|iPhoneSimulator
		{043CF2C1-2290-4612-8237-118ADE42FDF2}.Debug|Any CPU.Deploy.0 = Debug|iPhoneSimulator
		{043CF2C1-2290-4612-8237-118ADE42FDF2}.Debug|ARM.ActiveCfg = Debug|iPhone
		{043CF2C1-2290-4612-8237-118ADE42FDF2}.Debug|ARM.Build.0 = Debug|iPhone
		{043CF2C1-2290-4612-8237-118ADE42FDF2}.Debug|ARM.Deploy.0 = Debug|iPhone
		{043CF2C1-2290-4612-8237-118ADE42FDF2}.Debug|iPhone.ActiveCfg = Debug|iPhone
		{043CF2C1-2290-4612-8237-118ADE42FDF2}.Debug|iPhone.Build.0 = Debug|iPhone
		{043CF2C1-2290-4612-8237-118ADE42FDF2}.Debug|iPhone.Deploy.0 = Debug|iPhone
		{043CF2C1-2290-4612-8237-118ADE42FDF2}.Debug|iPhoneSimulator.ActiveCfg = Debug|iPhoneSimulator
		{043CF2C1-2290-4612-8237-118ADE42FDF2}.Debug|iPhoneSimulator.Build.0 = Debug|iPhoneSimulator
		{043CF2C1-2290-4612-8237-118ADE42FDF2}.Debug|iPhoneSimulator.Deploy.0 = Debug|iPhoneSimulator
		{043CF2C1-2290-4612-8237-118ADE42FDF2}.Debug|x64.ActiveCfg = Debug|iPhone
		{043CF2C1-2290-4612-8237-118ADE42FDF2}.Debug|x64.Build.0 = Debug|iPhone
		{043CF2C1-2290-4612-8237-118ADE42FDF2}.Debug|x64.Deploy.0 = Debug|iPhone
		{043CF2C1-2290-4612-8237-118ADE42FDF2}.Debug|x86.ActiveCfg = Debug|iPhone
		{043CF2C1-2290-4612-8237-118ADE42FDF2}.Debug|x86.Build.0 = Debug|iPhone
		{043CF2C1-2290-4612-8237-118ADE42FDF2}.Debug|x86.Deploy.0 = Debug|iPhone
		{043CF2C1-2290-4612-8237-118ADE42FDF2}.Release|Any CPU.ActiveCfg = Release|iPhone
		{043CF2C1-2290-4612-8237-118ADE42FDF2}.Release|Any CPU.Build.0 = Release|iPhone
		{043CF2C1-2290-4612-8237-118ADE42FDF2}.Release|Any CPU.Deploy.0 = Release|iPhone
		{043CF2C1-2290-4612-8237-118ADE42FDF2}.Release|ARM.ActiveCfg = Release|iPhone
		{043CF2C1-2290-4612-8237-118ADE42FDF2}.Release|ARM.Build.0 = Release|iPhone
		{043CF2C1-2290-4612-8237-118ADE42FDF2}.Release|ARM.Deploy.0 = Release|iPhone
		{043CF2C1-2290-4612-8237-118ADE42FDF2}.Release|iPhone.ActiveCfg = Release|iPhone
		{043CF2C1-2290-4612-8237-118ADE42FDF2}.Release|iPhone.Build.0 = Release|iPhone
		{043CF2C1-2290-4612-8237-118ADE42FDF2}.Release|iPhone.Deploy.0 = Release|iPhone
		{043CF2C1-2290-4612-8237-118ADE42FDF2}.Release|iPhoneSimulator.ActiveCfg = Release|iPhoneSimulator
		{043CF2C1-2290-4612-8237-118ADE42FDF2}.Release|iPhoneSimulator.Build.0 = Release|iPhoneSimulator
		{043CF2C1-2290-4612-8237-118ADE42FDF2}.Release|iPhoneSimulator.Deploy.0 = Release|iPhoneSimulator
		{043CF2C1-2290-4612-8237-118ADE42FDF2}.Release|x64.ActiveCfg = Release|iPhone
		{043CF2C1-2290-4612-8237-118ADE42FDF2}.Release|x64.Build.0 = Release|iPhone
		{043CF2C1-2290-4612-8237-118ADE42FDF2}.Release|x64.Deploy.0 = Release|iPhone
		{043CF2C1-2290-4612-8237-118ADE42FDF2}.Release|x86.ActiveCfg = Release|iPhone
		{043CF2C1-2290-4612-8237-118ADE42FDF2}.Release|x86.Build.0 = Release|iPhone
		{043CF2C1-2290-4612-8237-118ADE42FDF2}.Release|x86.Deploy.0 = Release|iPhone
		{7834744C-59E2-4234-BFA3-DA209BBDDAC9}.Ad-Hoc|Any CPU.ActiveCfg = Release|x86
		{7834744C-59E2-4234-BFA3-DA209BBDDAC9}.Ad-Hoc|Any CPU.Build.0 = Release|x86
		{7834744C-59E2-4234-BFA3-DA209BBDDAC9}.Ad-Hoc|Any CPU.Deploy.0 = Release|x86
		{7834744C-59E2-4234-BFA3-DA209BBDDAC9}.Ad-Hoc|ARM.ActiveCfg = Release|ARM
		{7834744C-59E2-4234-BFA3-DA209BBDDAC9}.Ad-Hoc|ARM.Build.0 = Release|ARM
		{7834744C-59E2-4234-BFA3-DA209BBDDAC9}.Ad-Hoc|ARM.Deploy.0 = Release|ARM
		{7834744C-59E2-4234-BFA3-DA209BBDDAC9}.Ad-Hoc|iPhone.ActiveCfg = Release|x86
		{7834744C-59E2-4234-BFA3-DA209BBDDAC9}.Ad-Hoc|iPhone.Build.0 = Release|x86
		{7834744C-59E2-4234-BFA3-DA209BBDDAC9}.Ad-Hoc|iPhone.Deploy.0 = Release|x86
		{7834744C-59E2-4234-BFA3-DA209BBDDAC9}.Ad-Hoc|iPhoneSimulator.ActiveCfg = Release|x86
		{7834744C-59E2-4234-BFA3-DA209BBDDAC9}.Ad-Hoc|iPhoneSimulator.Build.0 = Release|x86
		{7834744C-59E2-4234-BFA3-DA209BBDDAC9}.Ad-Hoc|iPhoneSimulator.Deploy.0 = Release|x86
		{7834744C-59E2-4234-BFA3-DA209BBDDAC9}.Ad-Hoc|x64.ActiveCfg = Release|x64
		{7834744C-59E2-4234-BFA3-DA209BBDDAC9}.Ad-Hoc|x64.Build.0 = Release|x64
		{7834744C-59E2-4234-BFA3-DA209BBDDAC9}.Ad-Hoc|x64.Deploy.0 = Release|x64
		{7834744C-59E2-4234-BFA3-DA209BBDDAC9}.Ad-Hoc|x86.ActiveCfg = Release|x86
		{7834744C-59E2-4234-BFA3-DA209BBDDAC9}.Ad-Hoc|x86.Build.0 = Release|x86
		{7834744C-59E2-4234-BFA3-DA209BBDDAC9}.Ad-Hoc|x86.Deploy.0 = Release|x86
		{7834744C-59E2-4234-BFA3-DA209BBDDAC9}.AppStore|Any CPU.ActiveCfg = Release|x86
		{7834744C-59E2-4234-BFA3-DA209BBDDAC9}.AppStore|Any CPU.Build.0 = Release|x86
		{7834744C-59E2-4234-BFA3-DA209BBDDAC9}.AppStore|Any CPU.Deploy.0 = Release|x86
		{7834744C-59E2-4234-BFA3-DA209BBDDAC9}.AppStore|ARM.ActiveCfg = Release|ARM
		{7834744C-59E2-4234-BFA3-DA209BBDDAC9}.AppStore|ARM.Build.0 = Release|ARM
		{7834744C-59E2-4234-BFA3-DA209BBDDAC9}.AppStore|ARM.Deploy.0 = Release|ARM
		{7834744C-59E2-4234-BFA3-DA209BBDDAC9}.AppStore|iPhone.ActiveCfg = Release|x86
		{7834744C-59E2-4234-BFA3-DA209BBDDAC9}.AppStore|iPhone.Build.0 = Release|x86
		{7834744C-59E2-4234-BFA3-DA209BBDDAC9}.AppStore|iPhone.Deploy.0 = Release|x86
		{7834744C-59E2-4234-BFA3-DA209BBDDAC9}.AppStore|iPhoneSimulator.ActiveCfg = Release|x86
		{7834744C-59E2-4234-BFA3-DA209BBDDAC9}.AppStore|iPhoneSimulator.Build.0 = Release|x86
		{7834744C-59E2-4234-BFA3-DA209BBDDAC9}.AppStore|iPhoneSimulator.Deploy.0 = Release|x86
		{7834744C-59E2-4234-BFA3-DA209BBDDAC9}.AppStore|x64.ActiveCfg = Release|x64
		{7834744C-59E2-4234-BFA3-DA209BBDDAC9}.AppStore|x64.Build.0 = Release|x64
		{7834744C-59E2-4234-BFA3-DA209BBDDAC9}.AppStore|x64.Deploy.0 = Release|x64
		{7834744C-59E2-4234-BFA3-DA209BBDDAC9}.AppStore|x86.ActiveCfg = Release|x86
		{7834744C-59E2-4234-BFA3-DA209BBDDAC9}.AppStore|x86.Build.0 = Release|x86
		{7834744C-59E2-4234-BFA3-DA209BBDDAC9}.AppStore|x86.Deploy.0 = Release|x86
		{7834744C-59E2-4234-BFA3-DA209BBDDAC9}.Debug|Any CPU.ActiveCfg = Debug|x86
		{7834744C-59E2-4234-BFA3-DA209BBDDAC9}.Debug|Any CPU.Build.0 = Debug|x86
		{7834744C-59E2-4234-BFA3-DA209BBDDAC9}.Debug|Any CPU.Deploy.0 = Debug|x86
		{7834744C-59E2-4234-BFA3-DA209BBDDAC9}.Debug|ARM.ActiveCfg = Debug|ARM
		{7834744C-59E2-4234-BFA3-DA209BBDDAC9}.Debug|ARM.Build.0 = Debug|ARM
		{7834744C-59E2-4234-BFA3-DA209BBDDAC9}.Debug|ARM.Deploy.0 = Debug|ARM
		{7834744C-59E2-4234-BFA3-DA209BBDDAC9}.Debug|iPhone.ActiveCfg = Debug|x86
		{7834744C-59E2-4234-BFA3-DA209BBDDAC9}.Debug|iPhone.Build.0 = Debug|x86
		{7834744C-59E2-4234-BFA3-DA209BBDDAC9}.Debug|iPhone.Deploy.0 = Debug|x86
		{7834744C-59E2-4234-BFA3-DA209BBDDAC9}.Debug|iPhoneSimulator.ActiveCfg = Debug|x86
		{7834744C-59E2-4234-BFA3-DA209BBDDAC9}.Debug|iPhoneSimulator.Build.0 = Debug|x86
		{7834744C-59E2-4234-BFA3-DA209BBDDAC9}.Debug|iPhoneSimulator.Deploy.0 = Debug|x86
		{7834744C-59E2-4234-BFA3-DA209BBDDAC9}.Debug|x64.ActiveCfg = Debug|x64
		{7834744C-59E2-4234-BFA3-DA209BBDDAC9}.Debug|x64.Build.0 = Debug|x64
		{7834744C-59E2-4234-BFA3-DA209BBDDAC9}.Debug|x64.Deploy.0 = Debug|x64
		{7834744C-59E2-4234-BFA3-DA209BBDDAC9}.Debug|x86.ActiveCfg = Debug|x86
		{7834744C-59E2-4234-BFA3-DA209BBDDAC9}.Debug|x86.Build.0 = Debug|x86
		{7834744C-59E2-4234-BFA3-DA209BBDDAC9}.Debug|x86.Deploy.0 = Debug|x86
		{7834744C-59E2-4234-BFA3-DA209BBDDAC9}.Release|Any CPU.ActiveCfg = Release|x86
		{7834744C-59E2-4234-BFA3-DA209BBDDAC9}.Release|Any CPU.Build.0 = Release|x86
		{7834744C-59E2-4234-BFA3-DA209BBDDAC9}.Release|Any CPU.Deploy.0 = Release|x86
		{7834744C-59E2-4234-BFA3-DA209BBDDAC9}.Release|ARM.ActiveCfg = Release|ARM
		{7834744C-59E2-4234-BFA3-DA209BBDDAC9}.Release|ARM.Build.0 = Release|ARM
		{7834744C-59E2-4234-BFA3-DA209BBDDAC9}.Release|ARM.Deploy.0 = Release|ARM
		{7834744C-59E2-4234-BFA3-DA209BBDDAC9}.Release|iPhone.ActiveCfg = Release|x86
		{7834744C-59E2-4234-BFA3-DA209BBDDAC9}.Release|iPhone.Build.0 = Release|x86
		{7834744C-59E2-4234-BFA3-DA209BBDDAC9}.Release|iPhone.Deploy.0 = Release|x86
		{7834744C-59E2-4234-BFA3-DA209BBDDAC9}.Release|iPhoneSimulator.ActiveCfg = Release|x86
		{7834744C-59E2-4234-BFA3-DA209BBDDAC9}.Release|iPhoneSimulator.Build.0 = Release|x86
		{7834744C-59E2-4234-BFA3-DA209BBDDAC9}.Release|iPhoneSimulator.Deploy.0 = Release|x86
		{7834744C-59E2-4234-BFA3-DA209BBDDAC9}.Release|x64.ActiveCfg = Release|x64
		{7834744C-59E2-4234-BFA3-DA209BBDDAC9}.Release|x64.Build.0 = Release|x64
		{7834744C-59E2-4234-BFA3-DA209BBDDAC9}.Release|x64.Deploy.0 = Release|x64
		{7834744C-59E2-4234-BFA3-DA209BBDDAC9}.Release|x86.ActiveCfg = Release|x86
		{7834744C-59E2-4234-BFA3-DA209BBDDAC9}.Release|x86.Build.0 = Release|x86
		{7834744C-59E2-4234-BFA3-DA209BBDDAC9}.Release|x86.Deploy.0 = Release|x86
		{AE47ABD6-E3A0-4797-9669-2F1BC1D359FA}.Ad-Hoc|Any CPU.ActiveCfg = Debug|Any CPU
		{AE47ABD6-E3A0-4797-9669-2F1BC1D359FA}.Ad-Hoc|Any CPU.Build.0 = Debug|Any CPU
		{AE47ABD6-E3A0-4797-9669-2F1BC1D359FA}.Ad-Hoc|Any CPU.Deploy.0 = Debug|Any CPU
		{AE47ABD6-E3A0-4797-9669-2F1BC1D359FA}.Ad-Hoc|ARM.ActiveCfg = Debug|Any CPU
		{AE47ABD6-E3A0-4797-9669-2F1BC1D359FA}.Ad-Hoc|ARM.Build.0 = Debug|Any CPU
		{AE47ABD6-E3A0-4797-9669-2F1BC1D359FA}.Ad-Hoc|ARM.Deploy.0 = Debug|Any CPU
		{AE47ABD6-E3A0-4797-9669-2F1BC1D359FA}.Ad-Hoc|iPhone.ActiveCfg = Debug|Any CPU
		{AE47ABD6-E3A0-4797-9669-2F1BC1D359FA}.Ad-Hoc|iPhone.Build.0 = Debug|Any CPU
		{AE47ABD6-E3A0-4797-9669-2F1BC1D359FA}.Ad-Hoc|iPhone.Deploy.0 = Debug|Any CPU
		{AE47ABD6-E3A0-4797-9669-2F1BC1D359FA}.Ad-Hoc|iPhoneSimulator.ActiveCfg = Debug|Any CPU
		{AE47ABD6-E3A0-4797-9669-2F1BC1D359FA}.Ad-Hoc|iPhoneSimulator.Build.0 = Debug|Any CPU
		{AE47ABD6-E3A0-4797-9669-2F1BC1D359FA}.Ad-Hoc|iPhoneSimulator.Deploy.0 = Debug|Any CPU
		{AE47ABD6-E3A0-4797-9669-2F1BC1D359FA}.Ad-Hoc|x64.ActiveCfg = Debug|Any CPU
		{AE47ABD6-E3A0-4797-9669-2F1BC1D359FA}.Ad-Hoc|x64.Build.0 = Debug|Any CPU
		{AE47ABD6-E3A0-4797-9669-2F1BC1D359FA}.Ad-Hoc|x64.Deploy.0 = Debug|Any CPU
		{AE47ABD6-E3A0-4797-9669-2F1BC1D359FA}.Ad-Hoc|x86.ActiveCfg = Debug|Any CPU
		{AE47ABD6-E3A0-4797-9669-2F1BC1D359FA}.Ad-Hoc|x86.Build.0 = Debug|Any CPU
		{AE47ABD6-E3A0-4797-9669-2F1BC1D359FA}.Ad-Hoc|x86.Deploy.0 = Debug|Any CPU
		{AE47ABD6-E3A0-4797-9669-2F1BC1D359FA}.AppStore|Any CPU.ActiveCfg = Debug|Any CPU
		{AE47ABD6-E3A0-4797-9669-2F1BC1D359FA}.AppStore|Any CPU.Build.0 = Debug|Any CPU
		{AE47ABD6-E3A0-4797-9669-2F1BC1D359FA}.AppStore|Any CPU.Deploy.0 = Debug|Any CPU
		{AE47ABD6-E3A0-4797-9669-2F1BC1D359FA}.AppStore|ARM.ActiveCfg = Debug|Any CPU
		{AE47ABD6-E3A0-4797-9669-2F1BC1D359FA}.AppStore|ARM.Build.0 = Debug|Any CPU
		{AE47ABD6-E3A0-4797-9669-2F1BC1D359FA}.AppStore|ARM.Deploy.0 = Debug|Any CPU
		{AE47ABD6-E3A0-4797-9669-2F1BC1D359FA}.AppStore|iPhone.ActiveCfg = Debug|Any CPU
		{AE47ABD6-E3A0-4797-9669-2F1BC1D359FA}.AppStore|iPhone.Build.0 = Debug|Any CPU
		{AE47ABD6-E3A0-4797-9669-2F1BC1D359FA}.AppStore|iPhone.Deploy.0 = Debug|Any CPU
		{AE47ABD6-E3A0-4797-9669-2F1BC1D359FA}.AppStore|iPhoneSimulator.ActiveCfg = Debug|Any CPU
		{AE47ABD6-E3A0-4797-9669-2F1BC1D359FA}.AppStore|iPhoneSimulator.Build.0 = Debug|Any CPU
		{AE47ABD6-E3A0-4797-9669-2F1BC1D359FA}.AppStore|iPhoneSimulator.Deploy.0 = Debug|Any CPU
		{AE47ABD6-E3A0-4797-9669-2F1BC1D359FA}.AppStore|x64.ActiveCfg = Debug|Any CPU
		{AE47ABD6-E3A0-4797-9669-2F1BC1D359FA}.AppStore|x64.Build.0 = Debug|Any CPU
		{AE47ABD6-E3A0-4797-9669-2F1BC1D359FA}.AppStore|x64.Deploy.0 = Debug|Any CPU
		{AE47ABD6-E3A0-4797-9669-2F1BC1D359FA}.AppStore|x86.ActiveCfg = Debug|Any CPU
		{AE47ABD6-E3A0-4797-9669-2F1BC1D359FA}.AppStore|x86.Build.0 = Debug|Any CPU
		{AE47ABD6-E3A0-4797-9669-2F1BC1D359FA}.AppStore|x86.Deploy.0 = Debug|Any CPU
		{AE47ABD6-E3A0-4797-9669-2F1BC1D359FA}.Debug|Any CPU.ActiveCfg = Debug|Any CPU
		{AE47ABD6-E3A0-4797-9669-2F1BC1D359FA}.Debug|Any CPU.Build.0 = Debug|Any CPU
		{AE47ABD6-E3A0-4797-9669-2F1BC1D359FA}.Debug|Any CPU.Deploy.0 = Debug|Any CPU
		{AE47ABD6-E3A0-4797-9669-2F1BC1D359FA}.Debug|ARM.ActiveCfg = Debug|Any CPU
		{AE47ABD6-E3A0-4797-9669-2F1BC1D359FA}.Debug|ARM.Build.0 = Debug|Any CPU
		{AE47ABD6-E3A0-4797-9669-2F1BC1D359FA}.Debug|ARM.Deploy.0 = Debug|Any CPU
		{AE47ABD6-E3A0-4797-9669-2F1BC1D359FA}.Debug|iPhone.ActiveCfg = Debug|Any CPU
		{AE47ABD6-E3A0-4797-9669-2F1BC1D359FA}.Debug|iPhone.Build.0 = Debug|Any CPU
		{AE47ABD6-E3A0-4797-9669-2F1BC1D359FA}.Debug|iPhone.Deploy.0 = Debug|Any CPU
		{AE47ABD6-E3A0-4797-9669-2F1BC1D359FA}.Debug|iPhoneSimulator.ActiveCfg = Debug|Any CPU
		{AE47ABD6-E3A0-4797-9669-2F1BC1D359FA}.Debug|iPhoneSimulator.Build.0 = Debug|Any CPU
		{AE47ABD6-E3A0-4797-9669-2F1BC1D359FA}.Debug|iPhoneSimulator.Deploy.0 = Debug|Any CPU
		{AE47ABD6-E3A0-4797-9669-2F1BC1D359FA}.Debug|x64.ActiveCfg = Debug|Any CPU
		{AE47ABD6-E3A0-4797-9669-2F1BC1D359FA}.Debug|x64.Build.0 = Debug|Any CPU
		{AE47ABD6-E3A0-4797-9669-2F1BC1D359FA}.Debug|x64.Deploy.0 = Debug|Any CPU
		{AE47ABD6-E3A0-4797-9669-2F1BC1D359FA}.Debug|x86.ActiveCfg = Debug|Any CPU
		{AE47ABD6-E3A0-4797-9669-2F1BC1D359FA}.Debug|x86.Build.0 = Debug|Any CPU
		{AE47ABD6-E3A0-4797-9669-2F1BC1D359FA}.Debug|x86.Deploy.0 = Debug|Any CPU
		{AE47ABD6-E3A0-4797-9669-2F1BC1D359FA}.Release|Any CPU.ActiveCfg = Release|Any CPU
		{AE47ABD6-E3A0-4797-9669-2F1BC1D359FA}.Release|Any CPU.Build.0 = Release|Any CPU
		{AE47ABD6-E3A0-4797-9669-2F1BC1D359FA}.Release|Any CPU.Deploy.0 = Release|Any CPU
		{AE47ABD6-E3A0-4797-9669-2F1BC1D359FA}.Release|ARM.ActiveCfg = Release|Any CPU
		{AE47ABD6-E3A0-4797-9669-2F1BC1D359FA}.Release|ARM.Build.0 = Release|Any CPU
		{AE47ABD6-E3A0-4797-9669-2F1BC1D359FA}.Release|ARM.Deploy.0 = Release|Any CPU
		{AE47ABD6-E3A0-4797-9669-2F1BC1D359FA}.Release|iPhone.ActiveCfg = Release|Any CPU
		{AE47ABD6-E3A0-4797-9669-2F1BC1D359FA}.Release|iPhone.Build.0 = Release|Any CPU
		{AE47ABD6-E3A0-4797-9669-2F1BC1D359FA}.Release|iPhone.Deploy.0 = Release|Any CPU
		{AE47ABD6-E3A0-4797-9669-2F1BC1D359FA}.Release|iPhoneSimulator.ActiveCfg = Release|Any CPU
		{AE47ABD6-E3A0-4797-9669-2F1BC1D359FA}.Release|iPhoneSimulator.Build.0 = Release|Any CPU
		{AE47ABD6-E3A0-4797-9669-2F1BC1D359FA}.Release|iPhoneSimulator.Deploy.0 = Release|Any CPU
		{AE47ABD6-E3A0-4797-9669-2F1BC1D359FA}.Release|x64.ActiveCfg = Release|Any CPU
		{AE47ABD6-E3A0-4797-9669-2F1BC1D359FA}.Release|x64.Build.0 = Release|Any CPU
		{AE47ABD6-E3A0-4797-9669-2F1BC1D359FA}.Release|x64.Deploy.0 = Release|Any CPU
		{AE47ABD6-E3A0-4797-9669-2F1BC1D359FA}.Release|x86.ActiveCfg = Release|Any CPU
		{AE47ABD6-E3A0-4797-9669-2F1BC1D359FA}.Release|x86.Build.0 = Release|Any CPU
		{AE47ABD6-E3A0-4797-9669-2F1BC1D359FA}.Release|x86.Deploy.0 = Release|Any CPU
	EndGlobalSection
	GlobalSection(SolutionProperties) = preSolution
		HideSolutionNode = FALSE
	EndGlobalSection
	GlobalSection(ExtensibilityGlobals) = postSolution
		SolutionGuid = {C616D0BC-9630-4BB5-90D5-BBA9457E2E6D}
	EndGlobalSection
EndGlobal
